PODS:
  - Capacitor (1.5.0):
    - CapacitorCordova (= 1.5.0)
  - CapacitorCordova (1.5.0)
  - CordovaPlugins (1.5.0):
    - CapacitorCordova

DEPENDENCIES:
  - "Capacitor (from `../../node_modules/@capacitor/ios`)"
  - "CapacitorCordova (from `../../node_modules/@capacitor/ios`)"
  - CordovaPlugins (from `../capacitor-cordova-ios-plugins`)

EXTERNAL SOURCES:
  Capacitor:
    :path: "../../node_modules/@capacitor/ios"
  CapacitorCordova:
    :path: "../../node_modules/@capacitor/ios"
  CordovaPlugins:
    :path: "../capacitor-cordova-ios-plugins"

SPEC CHECKSUMS:
  Capacitor: 667658ab58e5a2e8465238eef7c6c5df46738688
  CapacitorCordova: 5b03f0b903bf066a8f3187e848252227190b681a
  CordovaPlugins: 8fe3f10976dad84f0dab096e560068d59049c316

PODFILE CHECKSUM: e57e508ec5349ca6023fde9134b1008ce56a92fa

COCOAPODS: 1.9.0
